
Microsoft Visual Studio Solution File, Format Version 12.00
# Visual Studio Version 17
VisualStudioVersion = 17.6.33815.320
MinimumVisualStudioVersion = 10.0.40219.1
Project("{9A19103F-16F7-4668-BE54-9A1E7A4F7556}") = "Xpirit.Chatbot.Domain", "Xpirit.Chatbot.Domain\Xpirit.Chatbot.Domain.csproj", "{15DD1230-ACCD-4FAD-B13E-35B92CA703F6}"
EndProject
Project("{9A19103F-16F7-4668-BE54-9A1E7A4F7556}") = "Xpirit.Chatbot.Infrastructure", "Xpirit.Chatbot.Infrastructure\Xpirit.Chatbot.Infrastructure.csproj", "{970FF719-9234-4232-83EC-BDDB5D8B8588}"
EndProject
Project("{9A19103F-16F7-4668-BE54-9A1E7A4F7556}") = "Xpirit.Parking", "Xpirit.Chatbot.Web\Xpirit.Parking.csproj", "{B4B45FA7-FE18-4886-B325-BA2C9270AF60}"
EndProject
Global
	GlobalSection(SolutionConfigurationPlatforms) = preSolution
		Debug|Any CPU = Debug|Any CPU
		Release|Any CPU = Release|Any CPU
	EndGlobalSection
	GlobalSection(ProjectConfigurationPlatforms) = postSolution
		{15DD1230-ACCD-4FAD-B13E-35B92CA703F6}.Debug|Any CPU.ActiveCfg = Debug|Any CPU
		{15DD1230-ACCD-4FAD-B13E-35B92CA703F6}.Debug|Any CPU.Build.0 = Debug|Any CPU
		{15DD1230-ACCD-4FAD-B13E-35B92CA703F6}.Release|Any CPU.ActiveCfg = Release|Any CPU
		{15DD1230-ACCD-4FAD-B13E-35B92CA703F6}.Release|Any CPU.Build.0 = Release|Any CPU
		{970FF719-9234-4232-83EC-BDDB5D8B8588}.Debug|Any CPU.ActiveCfg = Debug|Any CPU
		{970FF719-9234-4232-83EC-BDDB5D8B8588}.Debug|Any CPU.Build.0 = Debug|Any CPU
		{970FF719-9234-4232-83EC-BDDB5D8B8588}.Release|Any CPU.ActiveCfg = Release|Any CPU
		{970FF719-9234-4232-83EC-BDDB5D8B8588}.Release|Any CPU.Build.0 = Release|Any CPU
		{B4B45FA7-FE18-4886-B325-BA2C9270AF60}.Debug|Any CPU.ActiveCfg = Debug|Any CPU
		{B4B45FA7-FE18-4886-B325-BA2C9270AF60}.Debug|Any CPU.Build.0 = Debug|Any CPU
		{B4B45FA7-FE18-4886-B325-BA2C9270AF60}.Release|Any CPU.ActiveCfg = Release|Any CPU
		{B4B45FA7-FE18-4886-B325-BA2C9270AF60}.Release|Any CPU.Build.0 = Release|Any CPU
	EndGlobalSection
	GlobalSection(SolutionProperties) = preSolution
		HideSolutionNode = FALSE
	EndGlobalSection
	GlobalSection(ExtensibilityGlobals) = postSolution
		SolutionGuid = {406CF94E-1B1E-47AF-B3A7-6411FE58A925}
	EndGlobalSection
EndGlobal
